
Microsoft Visual Studio Solution File, Format Version 12.00
# Visual Studio Version 17
VisualStudioVersion = 17.6.33829.357
MinimumVisualStudioVersion = 10.0.40219.1
Project("{2150E333-8FDC-42A3-9474-1A3956D46DE8}") = "src", "src", "{2F7FA125-B11C-4EBF-8559-6261C63B33EC}"
EndProject
Project("{9A19103F-16F7-4668-BE54-9A1E7A4F7556}") = "VentionTask.API", "src\VentionTask.API\VentionTask.API.csproj", "{6F7D763C-2FED-4154-8C18-3481CCBECD26}"
	ProjectSection(ProjectDependencies) = postProject
		{DF956A6E-7585-40EF-9FA9-72AEE481E583} = {DF956A6E-7585-40EF-9FA9-72AEE481E583}
	EndProjectSection
EndProject
Project("{9A19103F-16F7-4668-BE54-9A1E7A4F7556}") = "VentionTask.DAL", "src\VentionTask.DAL\VentionTask.DAL.csproj", "{710034D4-0D72-42FB-9BD8-B076905A90CB}"
	ProjectSection(ProjectDependencies) = postProject
		{D2280FE4-AFBD-4CE5-BC1A-91ADDDBD9ACD} = {D2280FE4-AFBD-4CE5-BC1A-91ADDDBD9ACD}
	EndProjectSection
EndProject
Project("{9A19103F-16F7-4668-BE54-9A1E7A4F7556}") = "VentionTask.Domain", "src\VentionTask.Domain\VentionTask.Domain.csproj", "{D2280FE4-AFBD-4CE5-BC1A-91ADDDBD9ACD}"
EndProject
Project("{9A19103F-16F7-4668-BE54-9A1E7A4F7556}") = "VentionTask.Service", "src\VentionTask.Service\VentionTask.Service.csproj", "{DF956A6E-7585-40EF-9FA9-72AEE481E583}"
EndProject
Global
	GlobalSection(SolutionConfigurationPlatforms) = preSolution
		Debug|Any CPU = Debug|Any CPU
		Release|Any CPU = Release|Any CPU
	EndGlobalSection
	GlobalSection(ProjectConfigurationPlatforms) = postSolution
		{6F7D763C-2FED-4154-8C18-3481CCBECD26}.Debug|Any CPU.ActiveCfg = Debug|Any CPU
		{6F7D763C-2FED-4154-8C18-3481CCBECD26}.Debug|Any CPU.Build.0 = Debug|Any CPU
		{6F7D763C-2FED-4154-8C18-3481CCBECD26}.Release|Any CPU.ActiveCfg = Release|Any CPU
		{6F7D763C-2FED-4154-8C18-3481CCBECD26}.Release|Any CPU.Build.0 = Release|Any CPU
		{710034D4-0D72-42FB-9BD8-B076905A90CB}.Debug|Any CPU.ActiveCfg = Debug|Any CPU
		{710034D4-0D72-42FB-9BD8-B076905A90CB}.Debug|Any CPU.Build.0 = Debug|Any CPU
		{710034D4-0D72-42FB-9BD8-B076905A90CB}.Release|Any CPU.ActiveCfg = Release|Any CPU
		{710034D4-0D72-42FB-9BD8-B076905A90CB}.Release|Any CPU.Build.0 = Release|Any CPU
		{D2280FE4-AFBD-4CE5-BC1A-91ADDDBD9ACD}.Debug|Any CPU.ActiveCfg = Debug|Any CPU
		{D2280FE4-AFBD-4CE5-BC1A-91ADDDBD9ACD}.Debug|Any CPU.Build.0 = Debug|Any CPU
		{D2280FE4-AFBD-4CE5-BC1A-91ADDDBD9ACD}.Release|Any CPU.ActiveCfg = Release|Any CPU
		{D2280FE4-AFBD-4CE5-BC1A-91ADDDBD9ACD}.Release|Any CPU.Build.0 = Release|Any CPU
		{DF956A6E-7585-40EF-9FA9-72AEE481E583}.Debug|Any CPU.ActiveCfg = Debug|Any CPU
		{DF956A6E-7585-40EF-9FA9-72AEE481E583}.Debug|Any CPU.Build.0 = Debug|Any CPU
		{DF956A6E-7585-40EF-9FA9-72AEE481E583}.Release|Any CPU.ActiveCfg = Release|Any CPU
		{DF956A6E-7585-40EF-9FA9-72AEE481E583}.Release|Any CPU.Build.0 = Release|Any CPU
	EndGlobalSection
	GlobalSection(SolutionProperties) = preSolution
		HideSolutionNode = FALSE
	EndGlobalSection
	GlobalSection(NestedProjects) = preSolution
		{6F7D763C-2FED-4154-8C18-3481CCBECD26} = {2F7FA125-B11C-4EBF-8559-6261C63B33EC}
		{710034D4-0D72-42FB-9BD8-B076905A90CB} = {2F7FA125-B11C-4EBF-8559-6261C63B33EC}
		{D2280FE4-AFBD-4CE5-BC1A-91ADDDBD9ACD} = {2F7FA125-B11C-4EBF-8559-6261C63B33EC}
		{DF956A6E-7585-40EF-9FA9-72AEE481E583} = {2F7FA125-B11C-4EBF-8559-6261C63B33EC}
	EndGlobalSection
	GlobalSection(ExtensibilityGlobals) = postSolution
		SolutionGuid = {24BFD4AA-4FA7-48E0-99DB-734A32C9220C}
	EndGlobalSection
EndGlobal
